{
    "name": "@kayahr/text-encoding",
    "version": "2.1.0",
    "lockfileVersion": 3,
    "requires": true,
    "packages": {
        "": {
            "name": "@kayahr/text-encoding",
            "version": "2.1.0",
            "license": "MIT",
            "devDependencies": {
                "@kayahr/assert": "1.4.1",
                "@kayahr/cspell": "10.0.1-bundle.1",
                "@kayahr/npm-utils": "1.1.2",
                "@kayahr/ntest": "1.3.0",
                "@kayahr/oxlint-config": "1.38.0",
                "@kayahr/typedoc": "0.28.19-bundle.1",
                "@types/node": "26.0.0",
                "typescript": "6.0.3"
            },
            "funding": {
                "url": "https://github.com/kayahr/text-encoding?sponsor=1"
            }
        },
        "node_modules/@kayahr/assert": {
            "version": "1.4.1",
            "resolved": "https://registry.npmjs.org/@kayahr/assert/-/assert-1.4.1.tgz",
            "integrity": "sha512-67yIwop53TkWwlO0QR50xZfYV9N78sMsXgxFVWwtNI6NW/LGEMS/G6OTFOYGFT3xdSSxmPHusSC9ZrX0A7Bb5g==",
            "dev": true,
            "license": "MIT",
            "funding": {
                "url": "https://github.com/kayahr/assert?sponsor=1"
            }
        },
        "node_modules/@kayahr/cspell": {
            "version": "10.0.1-bundle.1",
            "resolved": "https://registry.npmjs.org/@kayahr/cspell/-/cspell-10.0.1-bundle.1.tgz",
            "integrity": "sha512-sVsOZM0ez46yn6tLeODGj3TdPR03xob2dYHk5/+3jyQhJvtDsf1NbsMVndIDUd+v0DtMz2NzMnoK2ZwTg8hF9Q==",
            "dev": true,
            "license": "MIT",
            "bin": {
                "cspell": "lib/cspell.js"
            },
            "funding": {
                "url": "https://github.com/kayahr/cspell?sponsor=1"
            }
        },
        "node_modules/@kayahr/npm-utils": {
            "version": "1.1.2",
            "resolved": "https://registry.npmjs.org/@kayahr/npm-utils/-/npm-utils-1.1.2.tgz",
            "integrity": "sha512-kmqG3rxjGy8ld+3sk458y/PFSa2zCTMey5HoxRDgYiX0esWxKRiS7DJe8tI5zZ2Sdm30/joUrn6Ays/14w8d8g==",
            "dev": true,
            "license": "MIT",
            "bin": {
                "cp": "lib/main/cp.js",
                "rm": "lib/main/rm.js",
                "run": "lib/main/run.js"
            },
            "engines": {
                "node": ">=22.18.0"
            },
            "funding": {
                "url": "https://github.com/kayahr/npm-utils?sponsor=1"
            }
        },
        "node_modules/@kayahr/ntest": {
            "version": "1.3.0",
            "resolved": "https://registry.npmjs.org/@kayahr/ntest/-/ntest-1.3.0.tgz",
            "integrity": "sha512-75QPbxtyugisGCFSeDbLuPaijUMDoyqtcPQapZuWb/l+hzVEHJvhDWZVVvLNv5i2JTDYE4AF84MmF5qXTbwslg==",
            "dev": true,
            "license": "MIT",
            "bin": {
                "ntest": "lib/main/ntest.js"
            },
            "engines": {
                "node": ">=22.18.0"
            },
            "funding": {
                "url": "https://github.com/kayahr/ntest?sponsor=1"
            }
        },
        "node_modules/@kayahr/oxlint-config": {
            "version": "1.38.0",
            "resolved": "https://registry.npmjs.org/@kayahr/oxlint-config/-/oxlint-config-1.38.0.tgz",
            "integrity": "sha512-5D6azDozd6ebzOKnvul8axkkRHC8/5ynIKKuzDCvx+EM2Xc/GKGccNbQPpdNS8/nQL/3SWtga6uyWLN4SP+w/g==",
            "dev": true,
            "license": "MIT",
            "dependencies": {
                "oxlint": "^1.69.0",
                "oxlint-tsgolint": "^0.23.0"
            },
            "funding": {
                "url": "https://github.com/kayahr/oxlint-config?sponsor=1"
            }
        },
        "node_modules/@kayahr/typedoc": {
            "version": "0.28.19-bundle.1",
            "resolved": "https://registry.npmjs.org/@kayahr/typedoc/-/typedoc-0.28.19-bundle.1.tgz",
            "integrity": "sha512-5zMRlZXnlbMbZYqiF5E/F4elGOZR4jo1fkoP10eJjF0PyY7xY99YnjOd2FlZWBEOXzyuCSXq/U7d3V818a1waA==",
            "dev": true,
            "license": "MIT",
            "bin": {
                "typedoc": "lib/bin/cli.js"
            },
            "funding": {
                "url": "https://github.com/kayahr/typedoc?sponsor=1"
            }
        },
        "node_modules/@oxlint-tsgolint/darwin-arm64": {
            "version": "0.23.0",
            "resolved": "https://registry.npmjs.org/@oxlint-tsgolint/darwin-arm64/-/darwin-arm64-0.23.0.tgz",
            "integrity": "sha512-gOs9PVr2wEg4ox9z0aJo+RKhhImW86YL5N6yav8BK/rgPsIrwN/igSZ+pbRr723NFvUNKde9fgMhRA6JrXAOZw==",
            "cpu": [
                "arm64"
            ],
            "dev": true,
            "license": "MIT",
            "optional": true,
            "os": [
                "darwin"
            ]
        },
        "node_modules/@oxlint-tsgolint/darwin-x64": {
            "version": "0.23.0",
            "resolved": "https://registry.npmjs.org/@oxlint-tsgolint/darwin-x64/-/darwin-x64-0.23.0.tgz",
            "integrity": "sha512-kjJ8B+7n4tB9VJdxS5A9GdJt6/bYpzbu4lXp2uO1S3sRmCB5gDEABlGoiePNApRWaW+xqL4b4xgiE727jSLhuA==",
            "cpu": [
                "x64"
            ],
            "dev": true,
            "license": "MIT",
            "optional": true,
            "os": [
                "darwin"
            ]
        },
        "node_modules/@oxlint-tsgolint/linux-arm64": {
            "version": "0.23.0",
            "resolved": "https://registry.npmjs.org/@oxlint-tsgolint/linux-arm64/-/linux-arm64-0.23.0.tgz",
            "integrity": "sha512-6dCZuKNu135seMXilkRk9SpCx6i1XgmiipYGalLij5WVRX6ZYS8c4xI7preN/zv9fCXhsQclTIMDu2Y/cytTjw==",
            "cpu": [
                "arm64"
            ],
            "dev": true,
            "license": "MIT",
            "optional": true,
            "os": [
                "linux"
            ]
        },
        "node_modules/@oxlint-tsgolint/linux-x64": {
            "version": "0.23.0",
            "resolved": "https://registry.npmjs.org/@oxlint-tsgolint/linux-x64/-/linux-x64-0.23.0.tgz",
            "integrity": "sha512-3bdilnyA7kmSTjK27rvjIjSxL5SIg3wt7vwNiRkouWB83ytssyKnuGvxSYJxgMEmFpSutzaBzcCUM2jDtPGcgA==",
            "cpu": [
                "x64"
            ],
            "dev": true,
            "license": "MIT",
            "optional": true,
            "os": [
                "linux"
            ]
        },
        "node_modules/@oxlint-tsgolint/win32-arm64": {
            "version": "0.23.0",
            "resolved": "https://registry.npmjs.org/@oxlint-tsgolint/win32-arm64/-/win32-arm64-0.23.0.tgz",
            "integrity": "sha512-j+OEp44SVYiQ+ZD+uttsX7u6L9SvmbbQ77SO1pSFCcJlsVMeCk8qZsjhKfGKuT/jIA+ipOJMVs/+pqUfObBWNw==",
            "cpu": [
                "arm64"
            ],
            "dev": true,
            "license": "MIT",
            "optional": true,
            "os": [
                "win32"
            ]
        },
        "node_modules/@oxlint-tsgolint/win32-x64": {
            "version": "0.23.0",
            "resolved": "https://registry.npmjs.org/@oxlint-tsgolint/win32-x64/-/win32-x64-0.23.0.tgz",
            "integrity": "sha512-5MyjFuqf+g8OUPJBSGWHJtmoWnzFJYyOg4To9WMQshZYEWig/vtu7JtJ03VWnzHv9LJkAUeApY0gVCOywFR/iQ==",
            "cpu": [
                "x64"
            ],
            "dev": true,
            "license": "MIT",
            "optional": true,
            "os": [
                "win32"
            ]
        },
        "node_modules/@oxlint/binding-android-arm-eabi": {
            "version": "1.69.0",
            "resolved": "https://registry.npmjs.org/@oxlint/binding-android-arm-eabi/-/binding-android-arm-eabi-1.69.0.tgz",
            "integrity": "sha512-DKQQbD5cZ/MYfDgDI7YGyGD9FSxABlsBsYFo5p26lloob543tP9+4N3guwdXIYJN+7HSZxLe8YJuwcOWw5qnHg==",
            "cpu": [
                "arm"
            ],
            "dev": true,
            "license": "MIT",
            "optional": true,
            "os": [
                "android"
            ],
            "engines": {
                "node": "^20.19.0 || >=22.12.0"
            }
        },
        "node_modules/@oxlint/binding-android-arm64": {
            "version": "1.69.0",
            "resolved": "https://registry.npmjs.org/@oxlint/binding-android-arm64/-/binding-android-arm64-1.69.0.tgz",
            "integrity": "sha512-lEhb+I5pr4inux+JFwfCa1HRq3Os7NirEFQ0H1I35SVEHPm6byX0Ah47xmRha3qi6LAkxUcxViL8o/9PivjzBg==",
            "cpu": [
                "arm64"
            ],
            "dev": true,
            "license": "MIT",
            "optional": true,
            "os": [
                "android"
            ],
            "engines": {
                "node": "^20.19.0 || >=22.12.0"
            }
        },
        "node_modules/@oxlint/binding-darwin-arm64": {
            "version": "1.69.0",
            "resolved": "https://registry.npmjs.org/@oxlint/binding-darwin-arm64/-/binding-darwin-arm64-1.69.0.tgz",
            "integrity": "sha512-GY2YE8lOZW59BW1Ia1y+1gR0XyjrZRvVWHAr8LGeGhYHE0OQJ/7cRKXTkx1P+E9/6awEc3SX8a68SFTjh/E//A==",
            "cpu": [
                "arm64"
            ],
            "dev": true,
            "license": "MIT",
            "optional": true,
            "os": [
                "darwin"
            ],
            "engines": {
                "node": "^20.19.0 || >=22.12.0"
            }
        },
        "node_modules/@oxlint/binding-darwin-x64": {
            "version": "1.69.0",
            "resolved": "https://registry.npmjs.org/@oxlint/binding-darwin-x64/-/binding-darwin-x64-1.69.0.tgz",
            "integrity": "sha512-ax1oZnOjHX3LB7myQyHEaQkDwfLb6str3/nSP6O7EVUviQGNkEGzGV0EqcBJWK+Ufwx0l4xPgyYayurvhAdl2Q==",
            "cpu": [
                "x64"
            ],
            "dev": true,
            "license": "MIT",
            "optional": true,
            "os": [
                "darwin"
            ],
            "engines": {
                "node": "^20.19.0 || >=22.12.0"
            }
        },
        "node_modules/@oxlint/binding-freebsd-x64": {
            "version": "1.69.0",
            "resolved": "https://registry.npmjs.org/@oxlint/binding-freebsd-x64/-/binding-freebsd-x64-1.69.0.tgz",
            "integrity": "sha512-kHWeHv4g2h8NY+mpCxzCtY4uerMJWTN/TSnNj1CPbakFpHEJ6cTya2wWV0pDSYWOJ2+0UiEbhn3AtXxHtsnKjg==",
            "cpu": [
                "x64"
            ],
            "dev": true,
            "license": "MIT",
            "optional": true,
            "os": [
                "freebsd"
            ],
            "engines": {
                "node": "^20.19.0 || >=22.12.0"
            }
        },
        "node_modules/@oxlint/binding-linux-arm-gnueabihf": {
            "version": "1.69.0",
            "resolved": "https://registry.npmjs.org/@oxlint/binding-linux-arm-gnueabihf/-/binding-linux-arm-gnueabihf-1.69.0.tgz",
            "integrity": "sha512-gq84vM1a1oEehXo27YCDzGVcxPsZDI1yswZwz2Da1/cbnWtrL16XZZnz0G/+gIU8edtHpfjxq5c+vWEHqJfWoQ==",
            "cpu": [
                "arm"
            ],
            "dev": true,
            "license": "MIT",
            "optional": true,
            "os": [
                "linux"
            ],
            "engines": {
                "node": "^20.19.0 || >=22.12.0"
            }
        },
        "node_modules/@oxlint/binding-linux-arm-musleabihf": {
            "version": "1.69.0",
            "resolved": "https://registry.npmjs.org/@oxlint/binding-linux-arm-musleabihf/-/binding-linux-arm-musleabihf-1.69.0.tgz",
            "integrity": "sha512-kIqEa98JQ0VRyrcncxA417m2AzasqTlD+FyVT1AksjvjkqQcvm7pBWYvoW3/mpyOP2XYvi5nSCCTIe6De1yu5g==",
            "cpu": [
                "arm"
            ],
            "dev": true,
            "license": "MIT",
            "optional": true,
            "os": [
                "linux"
            ],
            "engines": {
                "node": "^20.19.0 || >=22.12.0"
            }
        },
        "node_modules/@oxlint/binding-linux-arm64-gnu": {
            "version": "1.69.0",
            "resolved": "https://registry.npmjs.org/@oxlint/binding-linux-arm64-gnu/-/binding-linux-arm64-gnu-1.69.0.tgz",
            "integrity": "sha512-j+xYiXozxGWx2cpjCrwwGR4awTxPFsRv3JZrv23RCogEPMc4R7UqjHW47p/RG0aRlbWiROCJ8coUfCwy0dvzHA==",
            "cpu": [
                "arm64"
            ],
            "dev": true,
            "libc": [
                "glibc"
            ],
            "license": "MIT",
            "optional": true,
            "os": [
                "linux"
            ],
            "engines": {
                "node": "^20.19.0 || >=22.12.0"
            }
        },
        "node_modules/@oxlint/binding-linux-arm64-musl": {
            "version": "1.69.0",
            "resolved": "https://registry.npmjs.org/@oxlint/binding-linux-arm64-musl/-/binding-linux-arm64-musl-1.69.0.tgz",
            "integrity": "sha512-xEPpNppTfN1l/nM7gYSf9iocscu/as+p/7vxkLeLEKnYU+09Dm+5V6IhDYDh+Uz6FajEupWwCLt5SOG0y1PCKg==",
            "cpu": [
                "arm64"
            ],
            "dev": true,
            "libc": [
                "musl"
            ],
            "license": "MIT",
            "optional": true,
            "os": [
                "linux"
            ],
            "engines": {
                "node": "^20.19.0 || >=22.12.0"
            }
        },
        "node_modules/@oxlint/binding-linux-ppc64-gnu": {
            "version": "1.69.0",
            "resolved": "https://registry.npmjs.org/@oxlint/binding-linux-ppc64-gnu/-/binding-linux-ppc64-gnu-1.69.0.tgz",
            "integrity": "sha512-Ug0+eU7HJBlek+SjklYH62IlOMirEJsdxpihH0kSqX0XdrDD4NdHpQc10fK1JC35yn6KrrcN+uYzlHD38XAf8Q==",
            "cpu": [
                "ppc64"
            ],
            "dev": true,
            "libc": [
                "glibc"
            ],
            "license": "MIT",
            "optional": true,
            "os": [
                "linux"
            ],
            "engines": {
                "node": "^20.19.0 || >=22.12.0"
            }
        },
        "node_modules/@oxlint/binding-linux-riscv64-gnu": {
            "version": "1.69.0",
            "resolved": "https://registry.npmjs.org/@oxlint/binding-linux-riscv64-gnu/-/binding-linux-riscv64-gnu-1.69.0.tgz",
            "integrity": "sha512-iEyI3GIg0l/s3G4qy2TlaaWKdzj4PJJStwtlocpDTC00PY9hZueotf6OKUj9+yfQh0lrpBW/pLMgTztbAHKJEg==",
            "cpu": [
                "riscv64"
            ],
            "dev": true,
            "libc": [
                "glibc"
            ],
            "license": "MIT",
            "optional": true,
            "os": [
                "linux"
            ],
            "engines": {
                "node": "^20.19.0 || >=22.12.0"
            }
        },
        "node_modules/@oxlint/binding-linux-riscv64-musl": {
            "version": "1.69.0",
            "resolved": "https://registry.npmjs.org/@oxlint/binding-linux-riscv64-musl/-/binding-linux-riscv64-musl-1.69.0.tgz",
            "integrity": "sha512-NjHjpiI4WIKSMwuoJSZi5VToPeoYOS1FR52HLIDG6lidMdqquusgtODb4iLk0+lb1q3Z0nv2/aPRcC/olmpQGg==",
            "cpu": [
                "riscv64"
            ],
            "dev": true,
            "libc": [
                "musl"
            ],
            "license": "MIT",
            "optional": true,
            "os": [
                "linux"
            ],
            "engines": {
                "node": "^20.19.0 || >=22.12.0"
            }
        },
        "node_modules/@oxlint/binding-linux-s390x-gnu": {
            "version": "1.69.0",
            "resolved": "https://registry.npmjs.org/@oxlint/binding-linux-s390x-gnu/-/binding-linux-s390x-gnu-1.69.0.tgz",
            "integrity": "sha512-Ai/prDewoItkDXbp38gwGZi41DycZbUTZJ3UidwoHgQC0/DaqC2TGdtBTQLJ6hSD+SAxASzh8+/eSBPmxfOacA==",
            "cpu": [
                "s390x"
            ],
            "dev": true,
            "libc": [
                "glibc"
            ],
            "license": "MIT",
            "optional": true,
            "os": [
                "linux"
            ],
            "engines": {
                "node": "^20.19.0 || >=22.12.0"
            }
        },
        "node_modules/@oxlint/binding-linux-x64-gnu": {
            "version": "1.69.0",
            "resolved": "https://registry.npmjs.org/@oxlint/binding-linux-x64-gnu/-/binding-linux-x64-gnu-1.69.0.tgz",
            "integrity": "sha512-Gt3KHgp46mRKz4sJeaASmKvD8ayXookRw07RMf+NowhEztGGDZ7VrXpoW96XuKJLjFukWizOFVNjmYb/u7caNQ==",
            "cpu": [
                "x64"
            ],
            "dev": true,
            "libc": [
                "glibc"
            ],
            "license": "MIT",
            "optional": true,
            "os": [
                "linux"
            ],
            "engines": {
                "node": "^20.19.0 || >=22.12.0"
            }
        },
        "node_modules/@oxlint/binding-linux-x64-musl": {
            "version": "1.69.0",
            "resolved": "https://registry.npmjs.org/@oxlint/binding-linux-x64-musl/-/binding-linux-x64-musl-1.69.0.tgz",
            "integrity": "sha512-7tQhJ2+p/oHv1zcfnjYI7YVzC/7iBaVOfIvFYtxdJ5F45mWgEdrCyXZXZGfiLey5t/5JhOhsaMnnv1kAzckd7g==",
            "cpu": [
                "x64"
            ],
            "dev": true,
            "libc": [
                "musl"
            ],
            "license": "MIT",
            "optional": true,
            "os": [
                "linux"
            ],
            "engines": {
                "node": "^20.19.0 || >=22.12.0"
            }
        },
        "node_modules/@oxlint/binding-openharmony-arm64": {
            "version": "1.69.0",
            "resolved": "https://registry.npmjs.org/@oxlint/binding-openharmony-arm64/-/binding-openharmony-arm64-1.69.0.tgz",
            "integrity": "sha512-vmWz6TKp/3hfA4lksR0zHBv/6xuX1jhym6eqOjdH2DXsDDHZWcp2f0KG0VCAnlVbIrjk29G4wAWMXb/Hn1YobA==",
            "cpu": [
                "arm64"
            ],
            "dev": true,
            "license": "MIT",
            "optional": true,
            "os": [
                "openharmony"
            ],
            "engines": {
                "node": "^20.19.0 || >=22.12.0"
            }
        },
        "node_modules/@oxlint/binding-win32-arm64-msvc": {
            "version": "1.69.0",
            "resolved": "https://registry.npmjs.org/@oxlint/binding-win32-arm64-msvc/-/binding-win32-arm64-msvc-1.69.0.tgz",
            "integrity": "sha512-9RExaLgmaw6IoIkU9cTpT71mLfI0xZ86iZH8x518LVsOkjquJMYqb9P7KpC8lgd1t0Dxs41p2pxynq4XR3Ttzw==",
            "cpu": [
                "arm64"
            ],
            "dev": true,
            "license": "MIT",
            "optional": true,
            "os": [
                "win32"
            ],
            "engines": {
                "node": "^20.19.0 || >=22.12.0"
            }
        },
        "node_modules/@oxlint/binding-win32-ia32-msvc": {
            "version": "1.69.0",
            "resolved": "https://registry.npmjs.org/@oxlint/binding-win32-ia32-msvc/-/binding-win32-ia32-msvc-1.69.0.tgz",
            "integrity": "sha512-1907kRPF8/PrcIw1E7LMs9JbVrpgnt/MvFdss3an8oDkYNAACXzTntV3t3869ZZhMZxb2AzRGbz1pA/jdFatXA==",
            "cpu": [
                "ia32"
            ],
            "dev": true,
            "license": "MIT",
            "optional": true,
            "os": [
                "win32"
            ],
            "engines": {
                "node": "^20.19.0 || >=22.12.0"
            }
        },
        "node_modules/@oxlint/binding-win32-x64-msvc": {
            "version": "1.69.0",
            "resolved": "https://registry.npmjs.org/@oxlint/binding-win32-x64-msvc/-/binding-win32-x64-msvc-1.69.0.tgz",
            "integrity": "sha512-w8SOXv3mT9Fi6jY8OXdXCfnvX/3KNLXGNr4HEz2TA7S4Mv/PYAOmpB8y/ge40mxvBMgGNaSaaDwZpAsQn7HtWA==",
            "cpu": [
                "x64"
            ],
            "dev": true,
            "license": "MIT",
            "optional": true,
            "os": [
                "win32"
            ],
            "engines": {
                "node": "^20.19.0 || >=22.12.0"
            }
        },
        "node_modules/@types/node": {
            "version": "26.0.0",
            "resolved": "https://registry.npmjs.org/@types/node/-/node-26.0.0.tgz",
            "integrity": "sha512-vf2YFi1iY9lHGwNJMs01biZFbKJkrZR1T6/MlzjhJLPdntOHLhTrDSnSVcdtvjihi4VQNlrFRIxLsDBlQpAipA==",
            "dev": true,
            "license": "MIT",
            "dependencies": {
                "undici-types": "~8.3.0"
            }
        },
        "node_modules/oxlint": {
            "version": "1.69.0",
            "resolved": "https://registry.npmjs.org/oxlint/-/oxlint-1.69.0.tgz",
            "integrity": "sha512-ypZkK/aDc5NQV8zIR6s2H2Tl3aNW8FmJ1m9+2qsaYuRenl8vgnHNCGwTHviWJdUQzglOlHFchgopdtGhSy17Rw==",
            "dev": true,
            "license": "MIT",
            "bin": {
                "oxlint": "bin/oxlint"
            },
            "engines": {
                "node": "^20.19.0 || >=22.12.0"
            },
            "funding": {
                "url": "https://github.com/sponsors/Boshen"
            },
            "optionalDependencies": {
                "@oxlint/binding-android-arm-eabi": "1.69.0",
                "@oxlint/binding-android-arm64": "1.69.0",
                "@oxlint/binding-darwin-arm64": "1.69.0",
                "@oxlint/binding-darwin-x64": "1.69.0",
                "@oxlint/binding-freebsd-x64": "1.69.0",
                "@oxlint/binding-linux-arm-gnueabihf": "1.69.0",
                "@oxlint/binding-linux-arm-musleabihf": "1.69.0",
                "@oxlint/binding-linux-arm64-gnu": "1.69.0",
                "@oxlint/binding-linux-arm64-musl": "1.69.0",
                "@oxlint/binding-linux-ppc64-gnu": "1.69.0",
                "@oxlint/binding-linux-riscv64-gnu": "1.69.0",
                "@oxlint/binding-linux-riscv64-musl": "1.69.0",
                "@oxlint/binding-linux-s390x-gnu": "1.69.0",
                "@oxlint/binding-linux-x64-gnu": "1.69.0",
                "@oxlint/binding-linux-x64-musl": "1.69.0",
                "@oxlint/binding-openharmony-arm64": "1.69.0",
                "@oxlint/binding-win32-arm64-msvc": "1.69.0",
                "@oxlint/binding-win32-ia32-msvc": "1.69.0",
                "@oxlint/binding-win32-x64-msvc": "1.69.0"
            },
            "peerDependencies": {
                "oxlint-tsgolint": ">=0.22.1",
                "vite-plus": "*"
            },
            "peerDependenciesMeta": {
                "oxlint-tsgolint": {
                    "optional": true
                },
                "vite-plus": {
                    "optional": true
                }
            }
        },
        "node_modules/oxlint-tsgolint": {
            "version": "0.23.0",
            "resolved": "https://registry.npmjs.org/oxlint-tsgolint/-/oxlint-tsgolint-0.23.0.tgz",
            "integrity": "sha512-3mBv3CoPbh8dFbzfDGIWa2ytZjn2v+3EX4aKRXjIhsoGFzG8GCjfRirz3rwZf1wYbZzsNLTSgpw8VjQuWdp/jA==",
            "dev": true,
            "license": "MIT",
            "bin": {
                "tsgolint": "bin/tsgolint.js"
            },
            "optionalDependencies": {
                "@oxlint-tsgolint/darwin-arm64": "0.23.0",
                "@oxlint-tsgolint/darwin-x64": "0.23.0",
                "@oxlint-tsgolint/linux-arm64": "0.23.0",
                "@oxlint-tsgolint/linux-x64": "0.23.0",
                "@oxlint-tsgolint/win32-arm64": "0.23.0",
                "@oxlint-tsgolint/win32-x64": "0.23.0"
            }
        },
        "node_modules/typescript": {
            "version": "6.0.3",
            "resolved": "https://registry.npmjs.org/typescript/-/typescript-6.0.3.tgz",
            "integrity": "sha512-y2TvuxSZPDyQakkFRPZHKFm+KKVqIisdg9/CZwm9ftvKXLP8NRWj38/ODjNbr43SsoXqNuAisEf1GdCxqWcdBw==",
            "dev": true,
            "license": "Apache-2.0",
            "bin": {
                "tsc": "bin/tsc",
                "tsserver": "bin/tsserver"
            },
            "engines": {
                "node": ">=14.17"
            }
        },
        "node_modules/undici-types": {
            "version": "8.3.0",
            "resolved": "https://registry.npmjs.org/undici-types/-/undici-types-8.3.0.tgz",
            "integrity": "sha512-j375ScV60dom+YkPFIfTLcOiPxkN/buHz5GobjLhixFuANaNs3C9l4GmrWqejgXWJ7BbJcFYpTEUkS1Ge8bpZQ==",
            "dev": true,
            "license": "MIT"
        }
    }
}
